
Microsoft Visual Studio Solution File, Format Version 12.00
# Visual Studio Version 17
VisualStudioVersion = 17.7.34031.279
MinimumVisualStudioVersion = 10.0.40219.1
Project("{FAE04EC0-301F-11D3-BF4B-00C04F79EFBC}") = "InSimDotNet", "InSimDotNet\InSimDotNet.csproj", "{4B4C5B90-2CEF-400C-B448-3E26AB737392}"
EndProject
Project("{FAE04EC0-301F-11D3-BF4B-00C04F79EFBC}") = "AHPP_AI", "AHPP_AI\AHPP_AI.csproj", "{BCE606BD-A364-4597-AFE7-177667C7A941}"
EndProject
Project("{FAE04EC0-301F-11D3-BF4B-00C04F79EFBC}") = "AHPP_AI_Tests", "AHPP_AI_Tests\AHPP_AI_Tests.csproj", "{C308296D-141E-4C75-920F-14CDAF7B4CDF}"
EndProject
Project("{FAE04EC0-301F-11D3-BF4B-00C04F79EFBC}") = "AHPP_SpawnTrack", "AHPP_SpawnTrack\AHPP_SpawnTrack.csproj", "{4CB9464E-86ED-4FED-A590-1613C54EF13E}"
EndProject
Global
	GlobalSection(SolutionConfigurationPlatforms) = preSolution
		Debug|Any CPU = Debug|Any CPU
		Debug|Mixed Platforms = Debug|Mixed Platforms
		Debug|x64 = Debug|x64
		Debug|x86 = Debug|x86
		Release|Any CPU = Release|Any CPU
		Release|Mixed Platforms = Release|Mixed Platforms
		Release|x64 = Release|x64
		Release|x86 = Release|x86
	EndGlobalSection
	GlobalSection(ProjectConfigurationPlatforms) = postSolution
		{4B4C5B90-2CEF-400C-B448-3E26AB737392}.Debug|Any CPU.ActiveCfg = Debug|Any CPU
		{4B4C5B90-2CEF-400C-B448-3E26AB737392}.Debug|Any CPU.Build.0 = Debug|Any CPU
		{4B4C5B90-2CEF-400C-B448-3E26AB737392}.Debug|Mixed Platforms.ActiveCfg = Debug|Any CPU
		{4B4C5B90-2CEF-400C-B448-3E26AB737392}.Debug|Mixed Platforms.Build.0 = Debug|Any CPU
		{4B4C5B90-2CEF-400C-B448-3E26AB737392}.Debug|x64.ActiveCfg = Debug|Any CPU
		{4B4C5B90-2CEF-400C-B448-3E26AB737392}.Debug|x64.Build.0 = Debug|Any CPU
		{4B4C5B90-2CEF-400C-B448-3E26AB737392}.Debug|x86.ActiveCfg = Debug|Any CPU
		{4B4C5B90-2CEF-400C-B448-3E26AB737392}.Release|Any CPU.ActiveCfg = Release|Any CPU
		{4B4C5B90-2CEF-400C-B448-3E26AB737392}.Release|Any CPU.Build.0 = Release|Any CPU
		{4B4C5B90-2CEF-400C-B448-3E26AB737392}.Release|Mixed Platforms.ActiveCfg = Release|Any CPU
		{4B4C5B90-2CEF-400C-B448-3E26AB737392}.Release|Mixed Platforms.Build.0 = Release|Any CPU
		{4B4C5B90-2CEF-400C-B448-3E26AB737392}.Release|x64.ActiveCfg = Release|Any CPU
		{4B4C5B90-2CEF-400C-B448-3E26AB737392}.Release|x64.Build.0 = Release|Any CPU
		{4B4C5B90-2CEF-400C-B448-3E26AB737392}.Release|x86.ActiveCfg = Release|Any CPU
		{BCE606BD-A364-4597-AFE7-177667C7A941}.Debug|Any CPU.ActiveCfg = Debug|Any CPU
		{BCE606BD-A364-4597-AFE7-177667C7A941}.Debug|Any CPU.Build.0 = Debug|Any CPU
		{BCE606BD-A364-4597-AFE7-177667C7A941}.Debug|Mixed Platforms.ActiveCfg = Debug|Any CPU
		{BCE606BD-A364-4597-AFE7-177667C7A941}.Debug|Mixed Platforms.Build.0 = Debug|Any CPU
		{BCE606BD-A364-4597-AFE7-177667C7A941}.Debug|x64.ActiveCfg = Debug|Any CPU
		{BCE606BD-A364-4597-AFE7-177667C7A941}.Debug|x64.Build.0 = Debug|Any CPU
		{BCE606BD-A364-4597-AFE7-177667C7A941}.Debug|x86.ActiveCfg = Debug|Any CPU
		{BCE606BD-A364-4597-AFE7-177667C7A941}.Debug|x86.Build.0 = Debug|Any CPU
		{BCE606BD-A364-4597-AFE7-177667C7A941}.Release|Any CPU.ActiveCfg = Release|Any CPU
		{BCE606BD-A364-4597-AFE7-177667C7A941}.Release|Any CPU.Build.0 = Release|Any CPU
		{BCE606BD-A364-4597-AFE7-177667C7A941}.Release|Mixed Platforms.ActiveCfg = Release|Any CPU
		{BCE606BD-A364-4597-AFE7-177667C7A941}.Release|Mixed Platforms.Build.0 = Release|Any CPU
		{BCE606BD-A364-4597-AFE7-177667C7A941}.Release|x64.ActiveCfg = Release|Any CPU
		{BCE606BD-A364-4597-AFE7-177667C7A941}.Release|x64.Build.0 = Release|Any CPU
		{BCE606BD-A364-4597-AFE7-177667C7A941}.Release|x86.ActiveCfg = Release|Any CPU
		{BCE606BD-A364-4597-AFE7-177667C7A941}.Release|x86.Build.0 = Release|Any CPU
		{C308296D-141E-4C75-920F-14CDAF7B4CDF}.Debug|Any CPU.ActiveCfg = Debug|Any CPU
		{C308296D-141E-4C75-920F-14CDAF7B4CDF}.Debug|Any CPU.Build.0 = Debug|Any CPU
		{C308296D-141E-4C75-920F-14CDAF7B4CDF}.Debug|Mixed Platforms.ActiveCfg = Debug|Any CPU
		{C308296D-141E-4C75-920F-14CDAF7B4CDF}.Debug|Mixed Platforms.Build.0 = Debug|Any CPU
		{C308296D-141E-4C75-920F-14CDAF7B4CDF}.Debug|x64.ActiveCfg = Debug|Any CPU
		{C308296D-141E-4C75-920F-14CDAF7B4CDF}.Debug|x64.Build.0 = Debug|Any CPU
		{C308296D-141E-4C75-920F-14CDAF7B4CDF}.Debug|x86.ActiveCfg = Debug|Any CPU
		{C308296D-141E-4C75-920F-14CDAF7B4CDF}.Debug|x86.Build.0 = Debug|Any CPU
		{C308296D-141E-4C75-920F-14CDAF7B4CDF}.Release|Any CPU.ActiveCfg = Release|Any CPU
		{C308296D-141E-4C75-920F-14CDAF7B4CDF}.Release|Any CPU.Build.0 = Release|Any CPU
		{C308296D-141E-4C75-920F-14CDAF7B4CDF}.Release|Mixed Platforms.ActiveCfg = Release|Any CPU
		{C308296D-141E-4C75-920F-14CDAF7B4CDF}.Release|Mixed Platforms.Build.0 = Release|Any CPU
		{C308296D-141E-4C75-920F-14CDAF7B4CDF}.Release|x64.ActiveCfg = Release|Any CPU
		{C308296D-141E-4C75-920F-14CDAF7B4CDF}.Release|x64.Build.0 = Release|Any CPU
		{C308296D-141E-4C75-920F-14CDAF7B4CDF}.Release|x86.ActiveCfg = Release|Any CPU
		{C308296D-141E-4C75-920F-14CDAF7B4CDF}.Release|x86.Build.0 = Release|Any CPU
		{4CB9464E-86ED-4FED-A590-1613C54EF13E}.Debug|Any CPU.ActiveCfg = Debug|Any CPU
		{4CB9464E-86ED-4FED-A590-1613C54EF13E}.Debug|Any CPU.Build.0 = Debug|Any CPU
		{4CB9464E-86ED-4FED-A590-1613C54EF13E}.Debug|Mixed Platforms.ActiveCfg = Debug|Any CPU
		{4CB9464E-86ED-4FED-A590-1613C54EF13E}.Debug|Mixed Platforms.Build.0 = Debug|Any CPU
		{4CB9464E-86ED-4FED-A590-1613C54EF13E}.Debug|x64.ActiveCfg = Debug|Any CPU
		{4CB9464E-86ED-4FED-A590-1613C54EF13E}.Debug|x64.Build.0 = Debug|Any CPU
		{4CB9464E-86ED-4FED-A590-1613C54EF13E}.Debug|x86.ActiveCfg = Debug|Any CPU
		{4CB9464E-86ED-4FED-A590-1613C54EF13E}.Debug|x86.Build.0 = Debug|Any CPU
		{4CB9464E-86ED-4FED-A590-1613C54EF13E}.Release|Any CPU.ActiveCfg = Release|Any CPU
		{4CB9464E-86ED-4FED-A590-1613C54EF13E}.Release|Any CPU.Build.0 = Release|Any CPU
		{4CB9464E-86ED-4FED-A590-1613C54EF13E}.Release|Mixed Platforms.ActiveCfg = Release|Any CPU
		{4CB9464E-86ED-4FED-A590-1613C54EF13E}.Release|Mixed Platforms.Build.0 = Release|Any CPU
		{4CB9464E-86ED-4FED-A590-1613C54EF13E}.Release|x64.ActiveCfg = Release|Any CPU
		{4CB9464E-86ED-4FED-A590-1613C54EF13E}.Release|x64.Build.0 = Release|Any CPU
		{4CB9464E-86ED-4FED-A590-1613C54EF13E}.Release|x86.ActiveCfg = Release|Any CPU
		{4CB9464E-86ED-4FED-A590-1613C54EF13E}.Release|x86.Build.0 = Release|Any CPU
	EndGlobalSection
	GlobalSection(SolutionProperties) = preSolution
		HideSolutionNode = FALSE
	EndGlobalSection
	GlobalSection(ExtensibilityGlobals) = postSolution
		SolutionGuid = {0676C588-3369-4277-8CF1-FE488E835438}
	EndGlobalSection
EndGlobal
